
Microsoft Visual Studio Solution File, Format Version 12.00
# Visual Studio Version 17
VisualStudioVersion = 17.4.33213.308
MinimumVisualStudioVersion = 10.0.40219.1
Project("{9A19103F-16F7-4668-BE54-9A1E7A4F7556}") = "CodeFinalProject", "CodeFinalProject.csproj", "{6C004E8E-A3A9-4D9F-B7D3-4C82E19C6423}"
EndProject
Global
	GlobalSection(SolutionConfigurationPlatforms) = preSolution
		Debug|Any CPU = Debug|Any CPU
		Release|Any CPU = Release|Any CPU
	EndGlobalSection
	GlobalSection(ProjectConfigurationPlatforms) = postSolution
		{6C004E8E-A3A9-4D9F-B7D3-4C82E19C6423}.Debug|Any CPU.ActiveCfg = Debug|Any CPU
		{6C004E8E-A3A9-4D9F-B7D3-4C82E19C6423}.Debug|Any CPU.Build.0 = Debug|Any CPU
		{6C004E8E-A3A9-4D9F-B7D3-4C82E19C6423}.Release|Any CPU.ActiveCfg = Release|Any CPU
		{6C004E8E-A3A9-4D9F-B7D3-4C82E19C6423}.Release|Any CPU.Build.0 = Release|Any CPU
	EndGlobalSection
	GlobalSection(SolutionProperties) = preSolution
		HideSolutionNode = FALSE
	EndGlobalSection
	GlobalSection(ExtensibilityGlobals) = postSolution
		SolutionGuid = {A4CC8EBA-CFC3-4FF2-A572-32401EBEA34B}
	EndGlobalSection
EndGlobal
